
Microsoft Visual Studio Solution File, Format Version 12.00
# Visual Studio Version 17
VisualStudioVersion = 17.4.33403.182
MinimumVisualStudioVersion = 10.0.40219.1
Project("{FAE04EC0-301F-11D3-BF4B-00C04F79EFBC}") = "Week9Lists", "Week9Lists\Week9Lists.csproj", "{7E461174-EE09-444C-A2D3-77118529A369}"
EndProject
Global
	GlobalSection(SolutionConfigurationPlatforms) = preSolution
		Debug|Any CPU = Debug|Any CPU
		Release|Any CPU = Release|Any CPU
	EndGlobalSection
	GlobalSection(ProjectConfigurationPlatforms) = postSolution
		{7E461174-EE09-444C-A2D3-77118529A369}.Debug|Any CPU.ActiveCfg = Debug|Any CPU
		{7E461174-EE09-444C-A2D3-77118529A369}.Debug|Any CPU.Build.0 = Debug|Any CPU
		{7E461174-EE09-444C-A2D3-77118529A369}.Release|Any CPU.ActiveCfg = Release|Any CPU
		{7E461174-EE09-444C-A2D3-77118529A369}.Release|Any CPU.Build.0 = Release|Any CPU
	EndGlobalSection
	GlobalSection(SolutionProperties) = preSolution
		HideSolutionNode = FALSE
	EndGlobalSection
	GlobalSection(ExtensibilityGlobals) = postSolution
		SolutionGuid = {F2C77C9B-28EE-479C-85D5-B915960C9E0C}
	EndGlobalSection
EndGlobal
